
Microsoft Visual Studio Solution File, Format Version 11.00
# Visual Studio 2010
Project("{FAE04EC0-301F-11D3-BF4B-00C04F79EFBC}") = "ContactManager", "ContactManager\ContactManager.csproj", "{C128682A-9747-45AF-8EB5-0487BBA52E1D}"
EndProject
Project("{FAE04EC0-301F-11D3-BF4B-00C04F79EFBC}") = "Logic", "Logic\Logic.csproj", "{7E363878-044F-4439-9BF4-B0A09FB246A0}"
EndProject
Project("{FAE04EC0-301F-11D3-BF4B-00C04F79EFBC}") = "WPFTaskbarNotifier", "WPFTaskbarNotifier\WPFTaskbarNotifier.csproj", "{C807F74B-9C21-4A9F-8A60-C7D7AF7BCBBA}"
EndProject
Project("{FAE04EC0-301F-11D3-BF4B-00C04F79EFBC}") = "ContactManager.WPFTaskbarNotifier", "ContactManager.WPFTaskbarNotifier\ContactManager.WPFTaskbarNotifier.csproj", "{F3C0258C-11DB-415C-8D6E-D08007B64DE5}"
EndProject
Global
	GlobalSection(SolutionConfigurationPlatforms) = preSolution
		Debug|Any CPU = Debug|Any CPU
		Debug|Mixed Platforms = Debug|Mixed Platforms
		Debug|x86 = Debug|x86
		Release|Any CPU = Release|Any CPU
		Release|Mixed Platforms = Release|Mixed Platforms
		Release|x86 = Release|x86
	EndGlobalSection
	GlobalSection(ProjectConfigurationPlatforms) = postSolution
		{C128682A-9747-45AF-8EB5-0487BBA52E1D}.Debug|Any CPU.ActiveCfg = Debug|Any CPU
		{C128682A-9747-45AF-8EB5-0487BBA52E1D}.Debug|Any CPU.Build.0 = Debug|Any CPU
		{C128682A-9747-45AF-8EB5-0487BBA52E1D}.Debug|Mixed Platforms.ActiveCfg = Debug|Any CPU
		{C128682A-9747-45AF-8EB5-0487BBA52E1D}.Debug|Mixed Platforms.Build.0 = Debug|Any CPU
		{C128682A-9747-45AF-8EB5-0487BBA52E1D}.Debug|x86.ActiveCfg = Debug|Any CPU
		{C128682A-9747-45AF-8EB5-0487BBA52E1D}.Release|Any CPU.ActiveCfg = Release|Any CPU
		{C128682A-9747-45AF-8EB5-0487BBA52E1D}.Release|Any CPU.Build.0 = Release|Any CPU
		{C128682A-9747-45AF-8EB5-0487BBA52E1D}.Release|Mixed Platforms.ActiveCfg = Release|Any CPU
		{C128682A-9747-45AF-8EB5-0487BBA52E1D}.Release|Mixed Platforms.Build.0 = Release|Any CPU
		{C128682A-9747-45AF-8EB5-0487BBA52E1D}.Release|x86.ActiveCfg = Release|Any CPU
		{7E363878-044F-4439-9BF4-B0A09FB246A0}.Debug|Any CPU.ActiveCfg = Debug|Any CPU
		{7E363878-044F-4439-9BF4-B0A09FB246A0}.Debug|Any CPU.Build.0 = Debug|Any CPU
		{7E363878-044F-4439-9BF4-B0A09FB246A0}.Debug|Mixed Platforms.ActiveCfg = Debug|Any CPU
		{7E363878-044F-4439-9BF4-B0A09FB246A0}.Debug|Mixed Platforms.Build.0 = Debug|Any CPU
		{7E363878-044F-4439-9BF4-B0A09FB246A0}.Debug|x86.ActiveCfg = Debug|Any CPU
		{7E363878-044F-4439-9BF4-B0A09FB246A0}.Release|Any CPU.ActiveCfg = Release|Any CPU
		{7E363878-044F-4439-9BF4-B0A09FB246A0}.Release|Any CPU.Build.0 = Release|Any CPU
		{7E363878-044F-4439-9BF4-B0A09FB246A0}.Release|Mixed Platforms.ActiveCfg = Release|Any CPU
		{7E363878-044F-4439-9BF4-B0A09FB246A0}.Release|Mixed Platforms.Build.0 = Release|Any CPU
		{7E363878-044F-4439-9BF4-B0A09FB246A0}.Release|x86.ActiveCfg = Release|Any CPU
		{C807F74B-9C21-4A9F-8A60-C7D7AF7BCBBA}.Debug|Any CPU.ActiveCfg = Debug|Any CPU
		{C807F74B-9C21-4A9F-8A60-C7D7AF7BCBBA}.Debug|Any CPU.Build.0 = Debug|Any CPU
		{C807F74B-9C21-4A9F-8A60-C7D7AF7BCBBA}.Debug|Mixed Platforms.ActiveCfg = Debug|Any CPU
		{C807F74B-9C21-4A9F-8A60-C7D7AF7BCBBA}.Debug|Mixed Platforms.Build.0 = Debug|Any CPU
		{C807F74B-9C21-4A9F-8A60-C7D7AF7BCBBA}.Debug|x86.ActiveCfg = Debug|Any CPU
		{C807F74B-9C21-4A9F-8A60-C7D7AF7BCBBA}.Release|Any CPU.ActiveCfg = Release|Any CPU
		{C807F74B-9C21-4A9F-8A60-C7D7AF7BCBBA}.Release|Any CPU.Build.0 = Release|Any CPU
		{C807F74B-9C21-4A9F-8A60-C7D7AF7BCBBA}.Release|Mixed Platforms.ActiveCfg = Release|Any CPU
		{C807F74B-9C21-4A9F-8A60-C7D7AF7BCBBA}.Release|Mixed Platforms.Build.0 = Release|Any CPU
		{C807F74B-9C21-4A9F-8A60-C7D7AF7BCBBA}.Release|x86.ActiveCfg = Release|Any CPU
		{F3C0258C-11DB-415C-8D6E-D08007B64DE5}.Debug|Any CPU.ActiveCfg = Debug|x86
		{F3C0258C-11DB-415C-8D6E-D08007B64DE5}.Debug|Mixed Platforms.ActiveCfg = Debug|x86
		{F3C0258C-11DB-415C-8D6E-D08007B64DE5}.Debug|Mixed Platforms.Build.0 = Debug|x86
		{F3C0258C-11DB-415C-8D6E-D08007B64DE5}.Debug|x86.ActiveCfg = Debug|x86
		{F3C0258C-11DB-415C-8D6E-D08007B64DE5}.Debug|x86.Build.0 = Debug|x86
		{F3C0258C-11DB-415C-8D6E-D08007B64DE5}.Release|Any CPU.ActiveCfg = Release|x86
		{F3C0258C-11DB-415C-8D6E-D08007B64DE5}.Release|Mixed Platforms.ActiveCfg = Release|x86
		{F3C0258C-11DB-415C-8D6E-D08007B64DE5}.Release|Mixed Platforms.Build.0 = Release|x86
		{F3C0258C-11DB-415C-8D6E-D08007B64DE5}.Release|x86.ActiveCfg = Release|x86
		{F3C0258C-11DB-415C-8D6E-D08007B64DE5}.Release|x86.Build.0 = Release|x86
	EndGlobalSection
	GlobalSection(SolutionProperties) = preSolution
		HideSolutionNode = FALSE
	EndGlobalSection
EndGlobal
